
Microsoft Visual Studio Solution File, Format Version 12.00
# Visual Studio Version 16
VisualStudioVersion = 16.0.30804.86
MinimumVisualStudioVersion = 10.0.40219.1
Project("{FAE04EC0-301F-11D3-BF4B-00C04F79EFBC}") = "Ex1", "Ex1\Ex1.csproj", "{77CBC225-01C5-4720-A4B3-7CB1D028C589}"
EndProject
Project("{FAE04EC0-301F-11D3-BF4B-00C04F79EFBC}") = "ExtensionMethods", "..\Pool1\ExtensionMethods\ExtensionMethods.csproj", "{4F74534C-551C-40F2-BAAD-B90C82DB6E04}"
EndProject
Project("{FAE04EC0-301F-11D3-BF4B-00C04F79EFBC}") = "Ex2", "Ex2\Ex2.csproj", "{FB8BA9E8-17F6-447F-836E-081D900130DF}"
EndProject
Project("{FAE04EC0-301F-11D3-BF4B-00C04F79EFBC}") = "Ex3", "Ex3\Ex3.csproj", "{447F84FD-2CBA-47A7-B040-8DF1A543B0F5}"
EndProject
Project("{FAE04EC0-301F-11D3-BF4B-00C04F79EFBC}") = "Ex4", "Ex4\Ex4.csproj", "{2D413F5F-BABD-4D52-973C-B6952745B9D7}"
EndProject
Project("{FAE04EC0-301F-11D3-BF4B-00C04F79EFBC}") = "Ex5", "Ex5\Ex5.csproj", "{D0346B0F-3472-4A81-B94B-5AF849054C31}"
EndProject
Project("{FAE04EC0-301F-11D3-BF4B-00C04F79EFBC}") = "Ex6", "Ex6\Ex6.csproj", "{5386F9DD-35DC-455D-8D17-BBC625316FC8}"
EndProject
Project("{FAE04EC0-301F-11D3-BF4B-00C04F79EFBC}") = "Ex7", "Ex7\Ex7.csproj", "{E8A9503D-BE01-4594-8521-00E7C2A0C31E}"
EndProject
Project("{FAE04EC0-301F-11D3-BF4B-00C04F79EFBC}") = "Ex8", "Ex8\Ex8.csproj", "{8184E8EA-0550-43D1-8ABF-727FE872AB71}"
EndProject
Project("{FAE04EC0-301F-11D3-BF4B-00C04F79EFBC}") = "Ex9", "Ex9\Ex9.csproj", "{57638DFB-7080-406F-A6A4-DC5A3854D751}"
EndProject
Project("{FAE04EC0-301F-11D3-BF4B-00C04F79EFBC}") = "Ex10", "Ex10\Ex10.csproj", "{1F6C87E1-04CE-46C3-8ACB-5F2DF98A0C8B}"
EndProject
Project("{FAE04EC0-301F-11D3-BF4B-00C04F79EFBC}") = "Ex11", "Ex11\Ex11.csproj", "{5A452053-E019-453A-8129-9AF8CFD1D698}"
EndProject
Project("{FAE04EC0-301F-11D3-BF4B-00C04F79EFBC}") = "Ex12", "Ex12\Ex12.csproj", "{E5B155CB-085D-4BC2-B323-50F27E583271}"
EndProject
Project("{FAE04EC0-301F-11D3-BF4B-00C04F79EFBC}") = "Ex13", "Ex13\Ex13.csproj", "{260BAD18-614B-41D7-BD2F-2D5CCA9076EB}"
EndProject
Project("{FAE04EC0-301F-11D3-BF4B-00C04F79EFBC}") = "Ex14", "Ex14\Ex14.csproj", "{7587DEA2-971C-4048-BF60-4AE40F3B0943}"
EndProject
Project("{FAE04EC0-301F-11D3-BF4B-00C04F79EFBC}") = "Ex15", "Ex15\Ex15.csproj", "{E3B1DF9D-8E12-475C-9BB9-BFE75C681617}"
EndProject
Project("{FAE04EC0-301F-11D3-BF4B-00C04F79EFBC}") = "Ex16", "Ex16\Ex16.csproj", "{E9BA05D6-03B5-4ABC-929D-79EFE04B9CFD}"
EndProject
Project("{FAE04EC0-301F-11D3-BF4B-00C04F79EFBC}") = "Ex17", "Ex17\Ex17.csproj", "{E6D79628-7E2D-428D-8002-A403AE16AED2}"
EndProject
Global
	GlobalSection(SolutionConfigurationPlatforms) = preSolution
		Debug|Any CPU = Debug|Any CPU
		Release|Any CPU = Release|Any CPU
	EndGlobalSection
	GlobalSection(ProjectConfigurationPlatforms) = postSolution
		{77CBC225-01C5-4720-A4B3-7CB1D028C589}.Debug|Any CPU.ActiveCfg = Debug|Any CPU
		{77CBC225-01C5-4720-A4B3-7CB1D028C589}.Debug|Any CPU.Build.0 = Debug|Any CPU
		{77CBC225-01C5-4720-A4B3-7CB1D028C589}.Release|Any CPU.ActiveCfg = Release|Any CPU
		{77CBC225-01C5-4720-A4B3-7CB1D028C589}.Release|Any CPU.Build.0 = Release|Any CPU
		{4F74534C-551C-40F2-BAAD-B90C82DB6E04}.Debug|Any CPU.ActiveCfg = Debug|Any CPU
		{4F74534C-551C-40F2-BAAD-B90C82DB6E04}.Debug|Any CPU.Build.0 = Debug|Any CPU
		{4F74534C-551C-40F2-BAAD-B90C82DB6E04}.Release|Any CPU.ActiveCfg = Release|Any CPU
		{4F74534C-551C-40F2-BAAD-B90C82DB6E04}.Release|Any CPU.Build.0 = Release|Any CPU
		{FB8BA9E8-17F6-447F-836E-081D900130DF}.Debug|Any CPU.ActiveCfg = Debug|Any CPU
		{FB8BA9E8-17F6-447F-836E-081D900130DF}.Debug|Any CPU.Build.0 = Debug|Any CPU
		{FB8BA9E8-17F6-447F-836E-081D900130DF}.Release|Any CPU.ActiveCfg = Release|Any CPU
		{FB8BA9E8-17F6-447F-836E-081D900130DF}.Release|Any CPU.Build.0 = Release|Any CPU
		{447F84FD-2CBA-47A7-B040-8DF1A543B0F5}.Debug|Any CPU.ActiveCfg = Debug|Any CPU
		{447F84FD-2CBA-47A7-B040-8DF1A543B0F5}.Debug|Any CPU.Build.0 = Debug|Any CPU
		{447F84FD-2CBA-47A7-B040-8DF1A543B0F5}.Release|Any CPU.ActiveCfg = Release|Any CPU
		{447F84FD-2CBA-47A7-B040-8DF1A543B0F5}.Release|Any CPU.Build.0 = Release|Any CPU
		{2D413F5F-BABD-4D52-973C-B6952745B9D7}.Debug|Any CPU.ActiveCfg = Debug|Any CPU
		{2D413F5F-BABD-4D52-973C-B6952745B9D7}.Debug|Any CPU.Build.0 = Debug|Any CPU
		{2D413F5F-BABD-4D52-973C-B6952745B9D7}.Release|Any CPU.ActiveCfg = Release|Any CPU
		{2D413F5F-BABD-4D52-973C-B6952745B9D7}.Release|Any CPU.Build.0 = Release|Any CPU
		{D0346B0F-3472-4A81-B94B-5AF849054C31}.Debug|Any CPU.ActiveCfg = Debug|Any CPU
		{D0346B0F-3472-4A81-B94B-5AF849054C31}.Debug|Any CPU.Build.0 = Debug|Any CPU
		{D0346B0F-3472-4A81-B94B-5AF849054C31}.Release|Any CPU.ActiveCfg = Release|Any CPU
		{D0346B0F-3472-4A81-B94B-5AF849054C31}.Release|Any CPU.Build.0 = Release|Any CPU
		{5386F9DD-35DC-455D-8D17-BBC625316FC8}.Debug|Any CPU.ActiveCfg = Debug|Any CPU
		{5386F9DD-35DC-455D-8D17-BBC625316FC8}.Debug|Any CPU.Build.0 = Debug|Any CPU
		{5386F9DD-35DC-455D-8D17-BBC625316FC8}.Release|Any CPU.ActiveCfg = Release|Any CPU
		{5386F9DD-35DC-455D-8D17-BBC625316FC8}.Release|Any CPU.Build.0 = Release|Any CPU
		{E8A9503D-BE01-4594-8521-00E7C2A0C31E}.Debug|Any CPU.ActiveCfg = Debug|Any CPU
		{E8A9503D-BE01-4594-8521-00E7C2A0C31E}.Debug|Any CPU.Build.0 = Debug|Any CPU
		{E8A9503D-BE01-4594-8521-00E7C2A0C31E}.Release|Any CPU.ActiveCfg = Release|Any CPU
		{E8A9503D-BE01-4594-8521-00E7C2A0C31E}.Release|Any CPU.Build.0 = Release|Any CPU
		{8184E8EA-0550-43D1-8ABF-727FE872AB71}.Debug|Any CPU.ActiveCfg = Debug|Any CPU
		{8184E8EA-0550-43D1-8ABF-727FE872AB71}.Debug|Any CPU.Build.0 = Debug|Any CPU
		{8184E8EA-0550-43D1-8ABF-727FE872AB71}.Release|Any CPU.ActiveCfg = Release|Any CPU
		{8184E8EA-0550-43D1-8ABF-727FE872AB71}.Release|Any CPU.Build.0 = Release|Any CPU
		{57638DFB-7080-406F-A6A4-DC5A3854D751}.Debug|Any CPU.ActiveCfg = Debug|Any CPU
		{57638DFB-7080-406F-A6A4-DC5A3854D751}.Debug|Any CPU.Build.0 = Debug|Any CPU
		{57638DFB-7080-406F-A6A4-DC5A3854D751}.Release|Any CPU.ActiveCfg = Release|Any CPU
		{57638DFB-7080-406F-A6A4-DC5A3854D751}.Release|Any CPU.Build.0 = Release|Any CPU
		{1F6C87E1-04CE-46C3-8ACB-5F2DF98A0C8B}.Debug|Any CPU.ActiveCfg = Debug|Any CPU
		{1F6C87E1-04CE-46C3-8ACB-5F2DF98A0C8B}.Debug|Any CPU.Build.0 = Debug|Any CPU
		{1F6C87E1-04CE-46C3-8ACB-5F2DF98A0C8B}.Release|Any CPU.ActiveCfg = Release|Any CPU
		{1F6C87E1-04CE-46C3-8ACB-5F2DF98A0C8B}.Release|Any CPU.Build.0 = Release|Any CPU
		{5A452053-E019-453A-8129-9AF8CFD1D698}.Debug|Any CPU.ActiveCfg = Debug|Any CPU
		{5A452053-E019-453A-8129-9AF8CFD1D698}.Debug|Any CPU.Build.0 = Debug|Any CPU
		{5A452053-E019-453A-8129-9AF8CFD1D698}.Release|Any CPU.ActiveCfg = Release|Any CPU
		{5A452053-E019-453A-8129-9AF8CFD1D698}.Release|Any CPU.Build.0 = Release|Any CPU
		{E5B155CB-085D-4BC2-B323-50F27E583271}.Debug|Any CPU.ActiveCfg = Debug|Any CPU
		{E5B155CB-085D-4BC2-B323-50F27E583271}.Debug|Any CPU.Build.0 = Debug|Any CPU
		{E5B155CB-085D-4BC2-B323-50F27E583271}.Release|Any CPU.ActiveCfg = Release|Any CPU
		{E5B155CB-085D-4BC2-B323-50F27E583271}.Release|Any CPU.Build.0 = Release|Any CPU
		{260BAD18-614B-41D7-BD2F-2D5CCA9076EB}.Debug|Any CPU.ActiveCfg = Debug|Any CPU
		{260BAD18-614B-41D7-BD2F-2D5CCA9076EB}.Debug|Any CPU.Build.0 = Debug|Any CPU
		{260BAD18-614B-41D7-BD2F-2D5CCA9076EB}.Release|Any CPU.ActiveCfg = Release|Any CPU
		{260BAD18-614B-41D7-BD2F-2D5CCA9076EB}.Release|Any CPU.Build.0 = Release|Any CPU
		{7587DEA2-971C-4048-BF60-4AE40F3B0943}.Debug|Any CPU.ActiveCfg = Debug|Any CPU
		{7587DEA2-971C-4048-BF60-4AE40F3B0943}.Debug|Any CPU.Build.0 = Debug|Any CPU
		{7587DEA2-971C-4048-BF60-4AE40F3B0943}.Release|Any CPU.ActiveCfg = Release|Any CPU
		{7587DEA2-971C-4048-BF60-4AE40F3B0943}.Release|Any CPU.Build.0 = Release|Any CPU
		{E3B1DF9D-8E12-475C-9BB9-BFE75C681617}.Debug|Any CPU.ActiveCfg = Debug|Any CPU
		{E3B1DF9D-8E12-475C-9BB9-BFE75C681617}.Debug|Any CPU.Build.0 = Debug|Any CPU
		{E3B1DF9D-8E12-475C-9BB9-BFE75C681617}.Release|Any CPU.ActiveCfg = Release|Any CPU
		{E3B1DF9D-8E12-475C-9BB9-BFE75C681617}.Release|Any CPU.Build.0 = Release|Any CPU
		{E9BA05D6-03B5-4ABC-929D-79EFE04B9CFD}.Debug|Any CPU.ActiveCfg = Debug|Any CPU
		{E9BA05D6-03B5-4ABC-929D-79EFE04B9CFD}.Debug|Any CPU.Build.0 = Debug|Any CPU
		{E9BA05D6-03B5-4ABC-929D-79EFE04B9CFD}.Release|Any CPU.ActiveCfg = Release|Any CPU
		{E9BA05D6-03B5-4ABC-929D-79EFE04B9CFD}.Release|Any CPU.Build.0 = Release|Any CPU
		{E6D79628-7E2D-428D-8002-A403AE16AED2}.Debug|Any CPU.ActiveCfg = Debug|Any CPU
		{E6D79628-7E2D-428D-8002-A403AE16AED2}.Debug|Any CPU.Build.0 = Debug|Any CPU
		{E6D79628-7E2D-428D-8002-A403AE16AED2}.Release|Any CPU.ActiveCfg = Release|Any CPU
		{E6D79628-7E2D-428D-8002-A403AE16AED2}.Release|Any CPU.Build.0 = Release|Any CPU
	EndGlobalSection
	GlobalSection(SolutionProperties) = preSolution
		HideSolutionNode = FALSE
	EndGlobalSection
	GlobalSection(ExtensibilityGlobals) = postSolution
		SolutionGuid = {F4F868D8-8A2F-4ED4-8D23-3BF85056819B}
	EndGlobalSection
EndGlobal
