
Microsoft Visual Studio Solution File, Format Version 12.00
# Visual Studio Version 16
VisualStudioVersion = 16.0.30804.86
MinimumVisualStudioVersion = 10.0.40219.1
Project("{FAE04EC0-301F-11D3-BF4B-00C04F79EFBC}") = "Ex1", "Ex1\Ex1.csproj", "{0F019035-0104-417F-9E55-9743775CE04A}"
EndProject
Project("{FAE04EC0-301F-11D3-BF4B-00C04F79EFBC}") = "ExtensionMethods", "..\Pool1\ExtensionMethods\ExtensionMethods.csproj", "{4F74534C-551C-40F2-BAAD-B90C82DB6E04}"
EndProject
Project("{FAE04EC0-301F-11D3-BF4B-00C04F79EFBC}") = "Ex2", "Ex2\Ex2.csproj", "{4169BBA2-DF4E-4CCD-BA6A-62E6677476DA}"
EndProject
Project("{FAE04EC0-301F-11D3-BF4B-00C04F79EFBC}") = "Ex3", "Ex3\Ex3.csproj", "{2CC8B99F-9832-4539-87D1-0CB7408F3DFF}"
EndProject
Project("{FAE04EC0-301F-11D3-BF4B-00C04F79EFBC}") = "Ex4", "Ex4\Ex4.csproj", "{7EB136C8-4A49-43D2-981C-63C76607EC03}"
EndProject
Project("{FAE04EC0-301F-11D3-BF4B-00C04F79EFBC}") = "Ex5", "Ex5\Ex5.csproj", "{B3C8232C-5576-4B34-B804-0A00F89B97ED}"
EndProject
Project("{FAE04EC0-301F-11D3-BF4B-00C04F79EFBC}") = "Ex6", "Ex6\Ex6.csproj", "{A4EF36B6-757E-4FE3-BDB1-F2D63C2FFDDA}"
EndProject
Project("{FAE04EC0-301F-11D3-BF4B-00C04F79EFBC}") = "Ex7", "Ex7\Ex7.csproj", "{35764C3A-6FD7-4BB8-A14A-3A5B0C84839B}"
EndProject
Project("{FAE04EC0-301F-11D3-BF4B-00C04F79EFBC}") = "Ex8", "Ex8\Ex8.csproj", "{845DEC8F-EA7E-4AA7-8CB4-0054FACC0E08}"
EndProject
Project("{FAE04EC0-301F-11D3-BF4B-00C04F79EFBC}") = "Ex9", "Ex9\Ex9.csproj", "{54FC0C90-4461-4D02-9FA1-C9AF05ED8B47}"
EndProject
Project("{FAE04EC0-301F-11D3-BF4B-00C04F79EFBC}") = "Ex10", "Ex10\Ex10.csproj", "{D720A666-6C7F-433C-90AC-3A3F8E312C9D}"
EndProject
Project("{FAE04EC0-301F-11D3-BF4B-00C04F79EFBC}") = "Ex11", "Ex11\Ex11.csproj", "{F97CBA4B-CC47-4656-9B9E-2320633B149A}"
EndProject
Project("{FAE04EC0-301F-11D3-BF4B-00C04F79EFBC}") = "Ex12", "Ex12\Ex12.csproj", "{94009D62-5E29-4D1E-9F78-0428CAE2155C}"
EndProject
Project("{FAE04EC0-301F-11D3-BF4B-00C04F79EFBC}") = "Ex13", "Ex13\Ex13.csproj", "{B3A13D19-9398-4539-9FC0-23306E3F3540}"
EndProject
Project("{FAE04EC0-301F-11D3-BF4B-00C04F79EFBC}") = "Ex14", "Ex14\Ex14.csproj", "{C4565C29-1A0F-405C-90E7-A216C2B7532F}"
EndProject
Project("{FAE04EC0-301F-11D3-BF4B-00C04F79EFBC}") = "Ex15", "Ex15\Ex15.csproj", "{E5C7EC39-3503-4A77-8322-CB022A917D73}"
EndProject
Project("{FAE04EC0-301F-11D3-BF4B-00C04F79EFBC}") = "Ex16", "Ex16\Ex16.csproj", "{64340CC1-C2A7-4439-A275-BB7FFDA5CE46}"
EndProject
Project("{FAE04EC0-301F-11D3-BF4B-00C04F79EFBC}") = "Ex17", "Ex17\Ex17.csproj", "{028F0F7D-47F0-4C51-9555-20D8ECC9267A}"
EndProject
Project("{FAE04EC0-301F-11D3-BF4B-00C04F79EFBC}") = "Ex18", "Ex18\Ex18.csproj", "{505A5364-271C-40CF-9106-3435D91483F3}"
EndProject
Project("{FAE04EC0-301F-11D3-BF4B-00C04F79EFBC}") = "Ex19", "Ex19\Ex19.csproj", "{39C9360C-A494-4019-9972-AA9917C8380E}"
EndProject
Project("{FAE04EC0-301F-11D3-BF4B-00C04F79EFBC}") = "Ex20", "Ex20\Ex20.csproj", "{0457ABC4-F534-4D97-9F4B-E8AB3A1DF4EC}"
EndProject
Project("{FAE04EC0-301F-11D3-BF4B-00C04F79EFBC}") = "Ex21", "Ex21\Ex21.csproj", "{34C1DDB9-1C41-4A7F-9FD4-8F923BDE2545}"
EndProject
Project("{FAE04EC0-301F-11D3-BF4B-00C04F79EFBC}") = "Ex22", "Ex22\Ex22.csproj", "{5A376F0B-2AE3-45E0-A342-23FB793FFB5A}"
EndProject
Project("{FAE04EC0-301F-11D3-BF4B-00C04F79EFBC}") = "Ex23", "Ex23\Ex23.csproj", "{565A302E-DF8A-4B21-814C-9FBF6DC31D3B}"
EndProject
Project("{FAE04EC0-301F-11D3-BF4B-00C04F79EFBC}") = "Ex24", "Ex24\Ex24.csproj", "{4FDC915C-F980-4801-94D5-B204DA245912}"
EndProject
Project("{FAE04EC0-301F-11D3-BF4B-00C04F79EFBC}") = "Ex25", "Ex25\Ex25.csproj", "{8A61F7A2-B21D-4D05-B015-54928B59FE5B}"
EndProject
Project("{FAE04EC0-301F-11D3-BF4B-00C04F79EFBC}") = "Ex26", "Ex26\Ex26.csproj", "{B4FE4F43-EA29-48E3-9B9B-F75211CBF472}"
EndProject
Project("{FAE04EC0-301F-11D3-BF4B-00C04F79EFBC}") = "Ex27", "Ex27\Ex27.csproj", "{4F554066-7FA4-49CE-8D3E-E9F55087CF99}"
EndProject
Project("{FAE04EC0-301F-11D3-BF4B-00C04F79EFBC}") = "Ex28", "Ex28\Ex28.csproj", "{6AD1D3B5-BF29-4F0A-905F-A96D88C844AF}"
EndProject
Project("{FAE04EC0-301F-11D3-BF4B-00C04F79EFBC}") = "Ex29", "Ex29\Ex29.csproj", "{0BDFE714-012A-45B7-BE96-92F992A16519}"
EndProject
Project("{FAE04EC0-301F-11D3-BF4B-00C04F79EFBC}") = "Ex30", "Ex30\Ex30.csproj", "{A4495146-A9BA-43BD-86F2-B971ECC4D383}"
EndProject
Project("{FAE04EC0-301F-11D3-BF4B-00C04F79EFBC}") = "Ex31", "Ex31\Ex31.csproj", "{6A39007A-5BAB-4F9F-93AE-625775BF2F50}"
EndProject
Global
	GlobalSection(SolutionConfigurationPlatforms) = preSolution
		Debug|Any CPU = Debug|Any CPU
		Release|Any CPU = Release|Any CPU
	EndGlobalSection
	GlobalSection(ProjectConfigurationPlatforms) = postSolution
		{0F019035-0104-417F-9E55-9743775CE04A}.Debug|Any CPU.ActiveCfg = Debug|Any CPU
		{0F019035-0104-417F-9E55-9743775CE04A}.Debug|Any CPU.Build.0 = Debug|Any CPU
		{0F019035-0104-417F-9E55-9743775CE04A}.Release|Any CPU.ActiveCfg = Release|Any CPU
		{0F019035-0104-417F-9E55-9743775CE04A}.Release|Any CPU.Build.0 = Release|Any CPU
		{4F74534C-551C-40F2-BAAD-B90C82DB6E04}.Debug|Any CPU.ActiveCfg = Debug|Any CPU
		{4F74534C-551C-40F2-BAAD-B90C82DB6E04}.Debug|Any CPU.Build.0 = Debug|Any CPU
		{4F74534C-551C-40F2-BAAD-B90C82DB6E04}.Release|Any CPU.ActiveCfg = Release|Any CPU
		{4F74534C-551C-40F2-BAAD-B90C82DB6E04}.Release|Any CPU.Build.0 = Release|Any CPU
		{4169BBA2-DF4E-4CCD-BA6A-62E6677476DA}.Debug|Any CPU.ActiveCfg = Debug|Any CPU
		{4169BBA2-DF4E-4CCD-BA6A-62E6677476DA}.Debug|Any CPU.Build.0 = Debug|Any CPU
		{4169BBA2-DF4E-4CCD-BA6A-62E6677476DA}.Release|Any CPU.ActiveCfg = Release|Any CPU
		{4169BBA2-DF4E-4CCD-BA6A-62E6677476DA}.Release|Any CPU.Build.0 = Release|Any CPU
		{2CC8B99F-9832-4539-87D1-0CB7408F3DFF}.Debug|Any CPU.ActiveCfg = Debug|Any CPU
		{2CC8B99F-9832-4539-87D1-0CB7408F3DFF}.Debug|Any CPU.Build.0 = Debug|Any CPU
		{2CC8B99F-9832-4539-87D1-0CB7408F3DFF}.Release|Any CPU.ActiveCfg = Release|Any CPU
		{2CC8B99F-9832-4539-87D1-0CB7408F3DFF}.Release|Any CPU.Build.0 = Release|Any CPU
		{7EB136C8-4A49-43D2-981C-63C76607EC03}.Debug|Any CPU.ActiveCfg = Debug|Any CPU
		{7EB136C8-4A49-43D2-981C-63C76607EC03}.Debug|Any CPU.Build.0 = Debug|Any CPU
		{7EB136C8-4A49-43D2-981C-63C76607EC03}.Release|Any CPU.ActiveCfg = Release|Any CPU
		{7EB136C8-4A49-43D2-981C-63C76607EC03}.Release|Any CPU.Build.0 = Release|Any CPU
		{B3C8232C-5576-4B34-B804-0A00F89B97ED}.Debug|Any CPU.ActiveCfg = Debug|Any CPU
		{B3C8232C-5576-4B34-B804-0A00F89B97ED}.Debug|Any CPU.Build.0 = Debug|Any CPU
		{B3C8232C-5576-4B34-B804-0A00F89B97ED}.Release|Any CPU.ActiveCfg = Release|Any CPU
		{B3C8232C-5576-4B34-B804-0A00F89B97ED}.Release|Any CPU.Build.0 = Release|Any CPU
		{A4EF36B6-757E-4FE3-BDB1-F2D63C2FFDDA}.Debug|Any CPU.ActiveCfg = Debug|Any CPU
		{A4EF36B6-757E-4FE3-BDB1-F2D63C2FFDDA}.Debug|Any CPU.Build.0 = Debug|Any CPU
		{A4EF36B6-757E-4FE3-BDB1-F2D63C2FFDDA}.Release|Any CPU.ActiveCfg = Release|Any CPU
		{A4EF36B6-757E-4FE3-BDB1-F2D63C2FFDDA}.Release|Any CPU.Build.0 = Release|Any CPU
		{35764C3A-6FD7-4BB8-A14A-3A5B0C84839B}.Debug|Any CPU.ActiveCfg = Debug|Any CPU
		{35764C3A-6FD7-4BB8-A14A-3A5B0C84839B}.Debug|Any CPU.Build.0 = Debug|Any CPU
		{35764C3A-6FD7-4BB8-A14A-3A5B0C84839B}.Release|Any CPU.ActiveCfg = Release|Any CPU
		{35764C3A-6FD7-4BB8-A14A-3A5B0C84839B}.Release|Any CPU.Build.0 = Release|Any CPU
		{845DEC8F-EA7E-4AA7-8CB4-0054FACC0E08}.Debug|Any CPU.ActiveCfg = Debug|Any CPU
		{845DEC8F-EA7E-4AA7-8CB4-0054FACC0E08}.Debug|Any CPU.Build.0 = Debug|Any CPU
		{845DEC8F-EA7E-4AA7-8CB4-0054FACC0E08}.Release|Any CPU.ActiveCfg = Release|Any CPU
		{845DEC8F-EA7E-4AA7-8CB4-0054FACC0E08}.Release|Any CPU.Build.0 = Release|Any CPU
		{54FC0C90-4461-4D02-9FA1-C9AF05ED8B47}.Debug|Any CPU.ActiveCfg = Debug|Any CPU
		{54FC0C90-4461-4D02-9FA1-C9AF05ED8B47}.Debug|Any CPU.Build.0 = Debug|Any CPU
		{54FC0C90-4461-4D02-9FA1-C9AF05ED8B47}.Release|Any CPU.ActiveCfg = Release|Any CPU
		{54FC0C90-4461-4D02-9FA1-C9AF05ED8B47}.Release|Any CPU.Build.0 = Release|Any CPU
		{D720A666-6C7F-433C-90AC-3A3F8E312C9D}.Debug|Any CPU.ActiveCfg = Debug|Any CPU
		{D720A666-6C7F-433C-90AC-3A3F8E312C9D}.Debug|Any CPU.Build.0 = Debug|Any CPU
		{D720A666-6C7F-433C-90AC-3A3F8E312C9D}.Release|Any CPU.ActiveCfg = Release|Any CPU
		{D720A666-6C7F-433C-90AC-3A3F8E312C9D}.Release|Any CPU.Build.0 = Release|Any CPU
		{F97CBA4B-CC47-4656-9B9E-2320633B149A}.Debug|Any CPU.ActiveCfg = Debug|Any CPU
		{F97CBA4B-CC47-4656-9B9E-2320633B149A}.Debug|Any CPU.Build.0 = Debug|Any CPU
		{F97CBA4B-CC47-4656-9B9E-2320633B149A}.Release|Any CPU.ActiveCfg = Release|Any CPU
		{F97CBA4B-CC47-4656-9B9E-2320633B149A}.Release|Any CPU.Build.0 = Release|Any CPU
		{94009D62-5E29-4D1E-9F78-0428CAE2155C}.Debug|Any CPU.ActiveCfg = Debug|Any CPU
		{94009D62-5E29-4D1E-9F78-0428CAE2155C}.Debug|Any CPU.Build.0 = Debug|Any CPU
		{94009D62-5E29-4D1E-9F78-0428CAE2155C}.Release|Any CPU.ActiveCfg = Release|Any CPU
		{94009D62-5E29-4D1E-9F78-0428CAE2155C}.Release|Any CPU.Build.0 = Release|Any CPU
		{B3A13D19-9398-4539-9FC0-23306E3F3540}.Debug|Any CPU.ActiveCfg = Debug|Any CPU
		{B3A13D19-9398-4539-9FC0-23306E3F3540}.Debug|Any CPU.Build.0 = Debug|Any CPU
		{B3A13D19-9398-4539-9FC0-23306E3F3540}.Release|Any CPU.ActiveCfg = Release|Any CPU
		{B3A13D19-9398-4539-9FC0-23306E3F3540}.Release|Any CPU.Build.0 = Release|Any CPU
		{C4565C29-1A0F-405C-90E7-A216C2B7532F}.Debug|Any CPU.ActiveCfg = Debug|Any CPU
		{C4565C29-1A0F-405C-90E7-A216C2B7532F}.Debug|Any CPU.Build.0 = Debug|Any CPU
		{C4565C29-1A0F-405C-90E7-A216C2B7532F}.Release|Any CPU.ActiveCfg = Release|Any CPU
		{C4565C29-1A0F-405C-90E7-A216C2B7532F}.Release|Any CPU.Build.0 = Release|Any CPU
		{E5C7EC39-3503-4A77-8322-CB022A917D73}.Debug|Any CPU.ActiveCfg = Debug|Any CPU
		{E5C7EC39-3503-4A77-8322-CB022A917D73}.Debug|Any CPU.Build.0 = Debug|Any CPU
		{E5C7EC39-3503-4A77-8322-CB022A917D73}.Release|Any CPU.ActiveCfg = Release|Any CPU
		{E5C7EC39-3503-4A77-8322-CB022A917D73}.Release|Any CPU.Build.0 = Release|Any CPU
		{64340CC1-C2A7-4439-A275-BB7FFDA5CE46}.Debug|Any CPU.ActiveCfg = Debug|Any CPU
		{64340CC1-C2A7-4439-A275-BB7FFDA5CE46}.Debug|Any CPU.Build.0 = Debug|Any CPU
		{64340CC1-C2A7-4439-A275-BB7FFDA5CE46}.Release|Any CPU.ActiveCfg = Release|Any CPU
		{64340CC1-C2A7-4439-A275-BB7FFDA5CE46}.Release|Any CPU.Build.0 = Release|Any CPU
		{028F0F7D-47F0-4C51-9555-20D8ECC9267A}.Debug|Any CPU.ActiveCfg = Debug|Any CPU
		{028F0F7D-47F0-4C51-9555-20D8ECC9267A}.Debug|Any CPU.Build.0 = Debug|Any CPU
		{028F0F7D-47F0-4C51-9555-20D8ECC9267A}.Release|Any CPU.ActiveCfg = Release|Any CPU
		{028F0F7D-47F0-4C51-9555-20D8ECC9267A}.Release|Any CPU.Build.0 = Release|Any CPU
		{505A5364-271C-40CF-9106-3435D91483F3}.Debug|Any CPU.ActiveCfg = Debug|Any CPU
		{505A5364-271C-40CF-9106-3435D91483F3}.Debug|Any CPU.Build.0 = Debug|Any CPU
		{505A5364-271C-40CF-9106-3435D91483F3}.Release|Any CPU.ActiveCfg = Release|Any CPU
		{505A5364-271C-40CF-9106-3435D91483F3}.Release|Any CPU.Build.0 = Release|Any CPU
		{39C9360C-A494-4019-9972-AA9917C8380E}.Debug|Any CPU.ActiveCfg = Debug|Any CPU
		{39C9360C-A494-4019-9972-AA9917C8380E}.Debug|Any CPU.Build.0 = Debug|Any CPU
		{39C9360C-A494-4019-9972-AA9917C8380E}.Release|Any CPU.ActiveCfg = Release|Any CPU
		{39C9360C-A494-4019-9972-AA9917C8380E}.Release|Any CPU.Build.0 = Release|Any CPU
		{0457ABC4-F534-4D97-9F4B-E8AB3A1DF4EC}.Debug|Any CPU.ActiveCfg = Debug|Any CPU
		{0457ABC4-F534-4D97-9F4B-E8AB3A1DF4EC}.Debug|Any CPU.Build.0 = Debug|Any CPU
		{0457ABC4-F534-4D97-9F4B-E8AB3A1DF4EC}.Release|Any CPU.ActiveCfg = Release|Any CPU
		{0457ABC4-F534-4D97-9F4B-E8AB3A1DF4EC}.Release|Any CPU.Build.0 = Release|Any CPU
		{34C1DDB9-1C41-4A7F-9FD4-8F923BDE2545}.Debug|Any CPU.ActiveCfg = Debug|Any CPU
		{34C1DDB9-1C41-4A7F-9FD4-8F923BDE2545}.Debug|Any CPU.Build.0 = Debug|Any CPU
		{34C1DDB9-1C41-4A7F-9FD4-8F923BDE2545}.Release|Any CPU.ActiveCfg = Release|Any CPU
		{34C1DDB9-1C41-4A7F-9FD4-8F923BDE2545}.Release|Any CPU.Build.0 = Release|Any CPU
		{5A376F0B-2AE3-45E0-A342-23FB793FFB5A}.Debug|Any CPU.ActiveCfg = Debug|Any CPU
		{5A376F0B-2AE3-45E0-A342-23FB793FFB5A}.Debug|Any CPU.Build.0 = Debug|Any CPU
		{5A376F0B-2AE3-45E0-A342-23FB793FFB5A}.Release|Any CPU.ActiveCfg = Release|Any CPU
		{5A376F0B-2AE3-45E0-A342-23FB793FFB5A}.Release|Any CPU.Build.0 = Release|Any CPU
		{565A302E-DF8A-4B21-814C-9FBF6DC31D3B}.Debug|Any CPU.ActiveCfg = Debug|Any CPU
		{565A302E-DF8A-4B21-814C-9FBF6DC31D3B}.Debug|Any CPU.Build.0 = Debug|Any CPU
		{565A302E-DF8A-4B21-814C-9FBF6DC31D3B}.Release|Any CPU.ActiveCfg = Release|Any CPU
		{565A302E-DF8A-4B21-814C-9FBF6DC31D3B}.Release|Any CPU.Build.0 = Release|Any CPU
		{4FDC915C-F980-4801-94D5-B204DA245912}.Debug|Any CPU.ActiveCfg = Debug|Any CPU
		{4FDC915C-F980-4801-94D5-B204DA245912}.Debug|Any CPU.Build.0 = Debug|Any CPU
		{4FDC915C-F980-4801-94D5-B204DA245912}.Release|Any CPU.ActiveCfg = Release|Any CPU
		{4FDC915C-F980-4801-94D5-B204DA245912}.Release|Any CPU.Build.0 = Release|Any CPU
		{8A61F7A2-B21D-4D05-B015-54928B59FE5B}.Debug|Any CPU.ActiveCfg = Debug|Any CPU
		{8A61F7A2-B21D-4D05-B015-54928B59FE5B}.Debug|Any CPU.Build.0 = Debug|Any CPU
		{8A61F7A2-B21D-4D05-B015-54928B59FE5B}.Release|Any CPU.ActiveCfg = Release|Any CPU
		{8A61F7A2-B21D-4D05-B015-54928B59FE5B}.Release|Any CPU.Build.0 = Release|Any CPU
		{B4FE4F43-EA29-48E3-9B9B-F75211CBF472}.Debug|Any CPU.ActiveCfg = Debug|Any CPU
		{B4FE4F43-EA29-48E3-9B9B-F75211CBF472}.Debug|Any CPU.Build.0 = Debug|Any CPU
		{B4FE4F43-EA29-48E3-9B9B-F75211CBF472}.Release|Any CPU.ActiveCfg = Release|Any CPU
		{B4FE4F43-EA29-48E3-9B9B-F75211CBF472}.Release|Any CPU.Build.0 = Release|Any CPU
		{4F554066-7FA4-49CE-8D3E-E9F55087CF99}.Debug|Any CPU.ActiveCfg = Debug|Any CPU
		{4F554066-7FA4-49CE-8D3E-E9F55087CF99}.Debug|Any CPU.Build.0 = Debug|Any CPU
		{4F554066-7FA4-49CE-8D3E-E9F55087CF99}.Release|Any CPU.ActiveCfg = Release|Any CPU
		{4F554066-7FA4-49CE-8D3E-E9F55087CF99}.Release|Any CPU.Build.0 = Release|Any CPU
		{6AD1D3B5-BF29-4F0A-905F-A96D88C844AF}.Debug|Any CPU.ActiveCfg = Debug|Any CPU
		{6AD1D3B5-BF29-4F0A-905F-A96D88C844AF}.Debug|Any CPU.Build.0 = Debug|Any CPU
		{6AD1D3B5-BF29-4F0A-905F-A96D88C844AF}.Release|Any CPU.ActiveCfg = Release|Any CPU
		{6AD1D3B5-BF29-4F0A-905F-A96D88C844AF}.Release|Any CPU.Build.0 = Release|Any CPU
		{0BDFE714-012A-45B7-BE96-92F992A16519}.Debug|Any CPU.ActiveCfg = Debug|Any CPU
		{0BDFE714-012A-45B7-BE96-92F992A16519}.Debug|Any CPU.Build.0 = Debug|Any CPU
		{0BDFE714-012A-45B7-BE96-92F992A16519}.Release|Any CPU.ActiveCfg = Release|Any CPU
		{0BDFE714-012A-45B7-BE96-92F992A16519}.Release|Any CPU.Build.0 = Release|Any CPU
		{A4495146-A9BA-43BD-86F2-B971ECC4D383}.Debug|Any CPU.ActiveCfg = Debug|Any CPU
		{A4495146-A9BA-43BD-86F2-B971ECC4D383}.Debug|Any CPU.Build.0 = Debug|Any CPU
		{A4495146-A9BA-43BD-86F2-B971ECC4D383}.Release|Any CPU.ActiveCfg = Release|Any CPU
		{A4495146-A9BA-43BD-86F2-B971ECC4D383}.Release|Any CPU.Build.0 = Release|Any CPU
		{6A39007A-5BAB-4F9F-93AE-625775BF2F50}.Debug|Any CPU.ActiveCfg = Debug|Any CPU
		{6A39007A-5BAB-4F9F-93AE-625775BF2F50}.Debug|Any CPU.Build.0 = Debug|Any CPU
		{6A39007A-5BAB-4F9F-93AE-625775BF2F50}.Release|Any CPU.ActiveCfg = Release|Any CPU
		{6A39007A-5BAB-4F9F-93AE-625775BF2F50}.Release|Any CPU.Build.0 = Release|Any CPU
	EndGlobalSection
	GlobalSection(SolutionProperties) = preSolution
		HideSolutionNode = FALSE
	EndGlobalSection
	GlobalSection(ExtensibilityGlobals) = postSolution
		SolutionGuid = {331416DE-23FF-4A6D-9AA5-940653A0C7D9}
	EndGlobalSection
EndGlobal
