
Microsoft Visual Studio Solution File, Format Version 12.00
# Visual Studio Version 16
VisualStudioVersion = 16.0.30717.126
MinimumVisualStudioVersion = 10.0.40219.1
Project("{FAE04EC0-301F-11D3-BF4B-00C04F79EFBC}") = "ExtensionMethods", "ExtensionMethods\ExtensionMethods.csproj", "{4F74534C-551C-40F2-BAAD-B90C82DB6E04}"
EndProject
Project("{FAE04EC0-301F-11D3-BF4B-00C04F79EFBC}") = "Ex2", "Ex2\Ex2.csproj", "{FCC5B93E-4360-4472-849B-209D93661D5D}"
EndProject
Project("{FAE04EC0-301F-11D3-BF4B-00C04F79EFBC}") = "Ex3", "Ex3\Ex3.csproj", "{1B891A29-2BAA-4780-AFD1-A1CD42F5E200}"
EndProject
Project("{FAE04EC0-301F-11D3-BF4B-00C04F79EFBC}") = "Ex4", "Ex4\Ex4.csproj", "{AA19A2F6-5746-403B-9225-6C2A3A8E0B2E}"
EndProject
Project("{FAE04EC0-301F-11D3-BF4B-00C04F79EFBC}") = "Ex5", "Ex5\Ex5.csproj", "{1B4FF44D-7F24-4FD3-9EF0-058ABA9E8AD1}"
EndProject
Project("{FAE04EC0-301F-11D3-BF4B-00C04F79EFBC}") = "Ex6", "Ex6\Ex6.csproj", "{8BDDE400-BCA2-4401-99E8-B9EB1ED3BA3F}"
EndProject
Project("{FAE04EC0-301F-11D3-BF4B-00C04F79EFBC}") = "Ex7", "Ex7\Ex7.csproj", "{7975579A-89BF-4E49-AF4F-42B6ECB16A3E}"
EndProject
Project("{FAE04EC0-301F-11D3-BF4B-00C04F79EFBC}") = "Ex8", "Ex8\Ex8.csproj", "{F5C3837F-751E-4961-8BC8-4D783945883C}"
EndProject
Project("{FAE04EC0-301F-11D3-BF4B-00C04F79EFBC}") = "Ex9", "Ex9\Ex9.csproj", "{D64B36F2-8979-4342-9F67-9EC7EFEB2019}"
EndProject
Project("{FAE04EC0-301F-11D3-BF4B-00C04F79EFBC}") = "Ex10", "Ex10\Ex10.csproj", "{1BEFC368-2224-473A-9C78-B3C95077A360}"
EndProject
Project("{FAE04EC0-301F-11D3-BF4B-00C04F79EFBC}") = "Ex11", "Ex11\Ex11.csproj", "{ADEAB2BA-D441-4F80-889C-5B6B75AAC513}"
EndProject
Project("{FAE04EC0-301F-11D3-BF4B-00C04F79EFBC}") = "Ex12", "Ex12\Ex12.csproj", "{D11543CD-495B-4510-8675-C9946600841E}"
EndProject
Project("{FAE04EC0-301F-11D3-BF4B-00C04F79EFBC}") = "Ex13", "Ex13\Ex13.csproj", "{F8118682-CC12-4029-8AB2-EC2658DAC0B5}"
EndProject
Project("{FAE04EC0-301F-11D3-BF4B-00C04F79EFBC}") = "Ex1", "Ex1\Ex1.csproj", "{DDF884CB-969D-46A0-B709-839A7C980702}"
EndProject
Project("{FAE04EC0-301F-11D3-BF4B-00C04F79EFBC}") = "Ex14", "Ex14\Ex14.csproj", "{FEFB7E52-BA36-4A3F-AF3D-8B49B3D1032F}"
EndProject
Project("{FAE04EC0-301F-11D3-BF4B-00C04F79EFBC}") = "Ex15", "Ex15\Ex15.csproj", "{459B26D1-7778-4EDD-A3A2-54C49E4DCC1E}"
EndProject
Project("{FAE04EC0-301F-11D3-BF4B-00C04F79EFBC}") = "Ex16", "Ex16\Ex16.csproj", "{D966C61E-58B8-452C-94BA-CD6DABFA8E45}"
EndProject
Project("{FAE04EC0-301F-11D3-BF4B-00C04F79EFBC}") = "Ex17", "Ex17\Ex17.csproj", "{5C41261E-CB99-4717-87EB-6380F5F15534}"
EndProject
Project("{FAE04EC0-301F-11D3-BF4B-00C04F79EFBC}") = "Ex18", "Ex18\Ex18.csproj", "{78958679-7C16-4FAA-894F-0F534BDF006C}"
EndProject
Project("{FAE04EC0-301F-11D3-BF4B-00C04F79EFBC}") = "Ex19", "Ex19\Ex19.csproj", "{9D85B5EE-34F6-4412-9329-A45F607083A5}"
EndProject
Project("{FAE04EC0-301F-11D3-BF4B-00C04F79EFBC}") = "Ex20", "Ex20\Ex20.csproj", "{E637AFFF-29EA-4FED-96AA-54DBA218D014}"
EndProject
Project("{FAE04EC0-301F-11D3-BF4B-00C04F79EFBC}") = "Ex21", "Ex21\Ex21.csproj", "{B3414E61-AD6D-4D0F-AFA9-634EDB5CEABC}"
EndProject
Global
	GlobalSection(SolutionConfigurationPlatforms) = preSolution
		Debug|Any CPU = Debug|Any CPU
		Release|Any CPU = Release|Any CPU
	EndGlobalSection
	GlobalSection(ProjectConfigurationPlatforms) = postSolution
		{4F74534C-551C-40F2-BAAD-B90C82DB6E04}.Debug|Any CPU.ActiveCfg = Debug|Any CPU
		{4F74534C-551C-40F2-BAAD-B90C82DB6E04}.Debug|Any CPU.Build.0 = Debug|Any CPU
		{4F74534C-551C-40F2-BAAD-B90C82DB6E04}.Release|Any CPU.ActiveCfg = Release|Any CPU
		{4F74534C-551C-40F2-BAAD-B90C82DB6E04}.Release|Any CPU.Build.0 = Release|Any CPU
		{FCC5B93E-4360-4472-849B-209D93661D5D}.Debug|Any CPU.ActiveCfg = Debug|Any CPU
		{FCC5B93E-4360-4472-849B-209D93661D5D}.Debug|Any CPU.Build.0 = Debug|Any CPU
		{FCC5B93E-4360-4472-849B-209D93661D5D}.Release|Any CPU.ActiveCfg = Release|Any CPU
		{FCC5B93E-4360-4472-849B-209D93661D5D}.Release|Any CPU.Build.0 = Release|Any CPU
		{1B891A29-2BAA-4780-AFD1-A1CD42F5E200}.Debug|Any CPU.ActiveCfg = Debug|Any CPU
		{1B891A29-2BAA-4780-AFD1-A1CD42F5E200}.Debug|Any CPU.Build.0 = Debug|Any CPU
		{1B891A29-2BAA-4780-AFD1-A1CD42F5E200}.Release|Any CPU.ActiveCfg = Release|Any CPU
		{1B891A29-2BAA-4780-AFD1-A1CD42F5E200}.Release|Any CPU.Build.0 = Release|Any CPU
		{AA19A2F6-5746-403B-9225-6C2A3A8E0B2E}.Debug|Any CPU.ActiveCfg = Debug|Any CPU
		{AA19A2F6-5746-403B-9225-6C2A3A8E0B2E}.Debug|Any CPU.Build.0 = Debug|Any CPU
		{AA19A2F6-5746-403B-9225-6C2A3A8E0B2E}.Release|Any CPU.ActiveCfg = Release|Any CPU
		{AA19A2F6-5746-403B-9225-6C2A3A8E0B2E}.Release|Any CPU.Build.0 = Release|Any CPU
		{1B4FF44D-7F24-4FD3-9EF0-058ABA9E8AD1}.Debug|Any CPU.ActiveCfg = Debug|Any CPU
		{1B4FF44D-7F24-4FD3-9EF0-058ABA9E8AD1}.Debug|Any CPU.Build.0 = Debug|Any CPU
		{1B4FF44D-7F24-4FD3-9EF0-058ABA9E8AD1}.Release|Any CPU.ActiveCfg = Release|Any CPU
		{1B4FF44D-7F24-4FD3-9EF0-058ABA9E8AD1}.Release|Any CPU.Build.0 = Release|Any CPU
		{8BDDE400-BCA2-4401-99E8-B9EB1ED3BA3F}.Debug|Any CPU.ActiveCfg = Debug|Any CPU
		{8BDDE400-BCA2-4401-99E8-B9EB1ED3BA3F}.Debug|Any CPU.Build.0 = Debug|Any CPU
		{8BDDE400-BCA2-4401-99E8-B9EB1ED3BA3F}.Release|Any CPU.ActiveCfg = Release|Any CPU
		{8BDDE400-BCA2-4401-99E8-B9EB1ED3BA3F}.Release|Any CPU.Build.0 = Release|Any CPU
		{7975579A-89BF-4E49-AF4F-42B6ECB16A3E}.Debug|Any CPU.ActiveCfg = Debug|Any CPU
		{7975579A-89BF-4E49-AF4F-42B6ECB16A3E}.Debug|Any CPU.Build.0 = Debug|Any CPU
		{7975579A-89BF-4E49-AF4F-42B6ECB16A3E}.Release|Any CPU.ActiveCfg = Release|Any CPU
		{7975579A-89BF-4E49-AF4F-42B6ECB16A3E}.Release|Any CPU.Build.0 = Release|Any CPU
		{F5C3837F-751E-4961-8BC8-4D783945883C}.Debug|Any CPU.ActiveCfg = Debug|Any CPU
		{F5C3837F-751E-4961-8BC8-4D783945883C}.Debug|Any CPU.Build.0 = Debug|Any CPU
		{F5C3837F-751E-4961-8BC8-4D783945883C}.Release|Any CPU.ActiveCfg = Release|Any CPU
		{F5C3837F-751E-4961-8BC8-4D783945883C}.Release|Any CPU.Build.0 = Release|Any CPU
		{D64B36F2-8979-4342-9F67-9EC7EFEB2019}.Debug|Any CPU.ActiveCfg = Debug|Any CPU
		{D64B36F2-8979-4342-9F67-9EC7EFEB2019}.Debug|Any CPU.Build.0 = Debug|Any CPU
		{D64B36F2-8979-4342-9F67-9EC7EFEB2019}.Release|Any CPU.ActiveCfg = Release|Any CPU
		{D64B36F2-8979-4342-9F67-9EC7EFEB2019}.Release|Any CPU.Build.0 = Release|Any CPU
		{1BEFC368-2224-473A-9C78-B3C95077A360}.Debug|Any CPU.ActiveCfg = Debug|Any CPU
		{1BEFC368-2224-473A-9C78-B3C95077A360}.Debug|Any CPU.Build.0 = Debug|Any CPU
		{1BEFC368-2224-473A-9C78-B3C95077A360}.Release|Any CPU.ActiveCfg = Release|Any CPU
		{1BEFC368-2224-473A-9C78-B3C95077A360}.Release|Any CPU.Build.0 = Release|Any CPU
		{ADEAB2BA-D441-4F80-889C-5B6B75AAC513}.Debug|Any CPU.ActiveCfg = Debug|Any CPU
		{ADEAB2BA-D441-4F80-889C-5B6B75AAC513}.Debug|Any CPU.Build.0 = Debug|Any CPU
		{ADEAB2BA-D441-4F80-889C-5B6B75AAC513}.Release|Any CPU.ActiveCfg = Release|Any CPU
		{ADEAB2BA-D441-4F80-889C-5B6B75AAC513}.Release|Any CPU.Build.0 = Release|Any CPU
		{D11543CD-495B-4510-8675-C9946600841E}.Debug|Any CPU.ActiveCfg = Debug|Any CPU
		{D11543CD-495B-4510-8675-C9946600841E}.Debug|Any CPU.Build.0 = Debug|Any CPU
		{D11543CD-495B-4510-8675-C9946600841E}.Release|Any CPU.ActiveCfg = Release|Any CPU
		{D11543CD-495B-4510-8675-C9946600841E}.Release|Any CPU.Build.0 = Release|Any CPU
		{F8118682-CC12-4029-8AB2-EC2658DAC0B5}.Debug|Any CPU.ActiveCfg = Debug|Any CPU
		{F8118682-CC12-4029-8AB2-EC2658DAC0B5}.Debug|Any CPU.Build.0 = Debug|Any CPU
		{F8118682-CC12-4029-8AB2-EC2658DAC0B5}.Release|Any CPU.ActiveCfg = Release|Any CPU
		{F8118682-CC12-4029-8AB2-EC2658DAC0B5}.Release|Any CPU.Build.0 = Release|Any CPU
		{DDF884CB-969D-46A0-B709-839A7C980702}.Debug|Any CPU.ActiveCfg = Debug|Any CPU
		{DDF884CB-969D-46A0-B709-839A7C980702}.Debug|Any CPU.Build.0 = Debug|Any CPU
		{DDF884CB-969D-46A0-B709-839A7C980702}.Release|Any CPU.ActiveCfg = Release|Any CPU
		{DDF884CB-969D-46A0-B709-839A7C980702}.Release|Any CPU.Build.0 = Release|Any CPU
		{FEFB7E52-BA36-4A3F-AF3D-8B49B3D1032F}.Debug|Any CPU.ActiveCfg = Debug|Any CPU
		{FEFB7E52-BA36-4A3F-AF3D-8B49B3D1032F}.Debug|Any CPU.Build.0 = Debug|Any CPU
		{FEFB7E52-BA36-4A3F-AF3D-8B49B3D1032F}.Release|Any CPU.ActiveCfg = Release|Any CPU
		{FEFB7E52-BA36-4A3F-AF3D-8B49B3D1032F}.Release|Any CPU.Build.0 = Release|Any CPU
		{459B26D1-7778-4EDD-A3A2-54C49E4DCC1E}.Debug|Any CPU.ActiveCfg = Debug|Any CPU
		{459B26D1-7778-4EDD-A3A2-54C49E4DCC1E}.Debug|Any CPU.Build.0 = Debug|Any CPU
		{459B26D1-7778-4EDD-A3A2-54C49E4DCC1E}.Release|Any CPU.ActiveCfg = Release|Any CPU
		{459B26D1-7778-4EDD-A3A2-54C49E4DCC1E}.Release|Any CPU.Build.0 = Release|Any CPU
		{D966C61E-58B8-452C-94BA-CD6DABFA8E45}.Debug|Any CPU.ActiveCfg = Debug|Any CPU
		{D966C61E-58B8-452C-94BA-CD6DABFA8E45}.Debug|Any CPU.Build.0 = Debug|Any CPU
		{D966C61E-58B8-452C-94BA-CD6DABFA8E45}.Release|Any CPU.ActiveCfg = Release|Any CPU
		{D966C61E-58B8-452C-94BA-CD6DABFA8E45}.Release|Any CPU.Build.0 = Release|Any CPU
		{5C41261E-CB99-4717-87EB-6380F5F15534}.Debug|Any CPU.ActiveCfg = Debug|Any CPU
		{5C41261E-CB99-4717-87EB-6380F5F15534}.Debug|Any CPU.Build.0 = Debug|Any CPU
		{5C41261E-CB99-4717-87EB-6380F5F15534}.Release|Any CPU.ActiveCfg = Release|Any CPU
		{5C41261E-CB99-4717-87EB-6380F5F15534}.Release|Any CPU.Build.0 = Release|Any CPU
		{78958679-7C16-4FAA-894F-0F534BDF006C}.Debug|Any CPU.ActiveCfg = Debug|Any CPU
		{78958679-7C16-4FAA-894F-0F534BDF006C}.Debug|Any CPU.Build.0 = Debug|Any CPU
		{78958679-7C16-4FAA-894F-0F534BDF006C}.Release|Any CPU.ActiveCfg = Release|Any CPU
		{78958679-7C16-4FAA-894F-0F534BDF006C}.Release|Any CPU.Build.0 = Release|Any CPU
		{9D85B5EE-34F6-4412-9329-A45F607083A5}.Debug|Any CPU.ActiveCfg = Debug|Any CPU
		{9D85B5EE-34F6-4412-9329-A45F607083A5}.Debug|Any CPU.Build.0 = Debug|Any CPU
		{9D85B5EE-34F6-4412-9329-A45F607083A5}.Release|Any CPU.ActiveCfg = Release|Any CPU
		{9D85B5EE-34F6-4412-9329-A45F607083A5}.Release|Any CPU.Build.0 = Release|Any CPU
		{E637AFFF-29EA-4FED-96AA-54DBA218D014}.Debug|Any CPU.ActiveCfg = Debug|Any CPU
		{E637AFFF-29EA-4FED-96AA-54DBA218D014}.Debug|Any CPU.Build.0 = Debug|Any CPU
		{E637AFFF-29EA-4FED-96AA-54DBA218D014}.Release|Any CPU.ActiveCfg = Release|Any CPU
		{E637AFFF-29EA-4FED-96AA-54DBA218D014}.Release|Any CPU.Build.0 = Release|Any CPU
		{B3414E61-AD6D-4D0F-AFA9-634EDB5CEABC}.Debug|Any CPU.ActiveCfg = Debug|Any CPU
		{B3414E61-AD6D-4D0F-AFA9-634EDB5CEABC}.Debug|Any CPU.Build.0 = Debug|Any CPU
		{B3414E61-AD6D-4D0F-AFA9-634EDB5CEABC}.Release|Any CPU.ActiveCfg = Release|Any CPU
		{B3414E61-AD6D-4D0F-AFA9-634EDB5CEABC}.Release|Any CPU.Build.0 = Release|Any CPU
	EndGlobalSection
	GlobalSection(SolutionProperties) = preSolution
		HideSolutionNode = FALSE
	EndGlobalSection
	GlobalSection(ExtensibilityGlobals) = postSolution
		SolutionGuid = {44A64D0F-9B1F-47AC-B34F-A241931F101F}
	EndGlobalSection
EndGlobal
